
Microsoft Visual Studio Solution File, Format Version 12.00
# Visual Studio Version 17
VisualStudioVersion = 17.6.33815.320
MinimumVisualStudioVersion = 10.0.40219.1
Project("{9A19103F-16F7-4668-BE54-9A1E7A4F7556}") = "InsuranceCartAPIEFCore", "InsuranceCartAPIEFCore.csproj", "{C76E49B7-8CC2-4AA1-A545-AC476A344D8C}"
EndProject
Project("{FAE04EC0-301F-11D3-BF4B-00C04F79EFBC}") = "InsuranceCartTest", "..\InsuranceCartTest\InsuranceCartTest.csproj", "{F17D88FE-7FF2-4FCC-9E63-73165B70DF5B}"
EndProject
Global
	GlobalSection(SolutionConfigurationPlatforms) = preSolution
		Debug|Any CPU = Debug|Any CPU
		Release|Any CPU = Release|Any CPU
	EndGlobalSection
	GlobalSection(ProjectConfigurationPlatforms) = postSolution
		{C76E49B7-8CC2-4AA1-A545-AC476A344D8C}.Debug|Any CPU.ActiveCfg = Debug|Any CPU
		{C76E49B7-8CC2-4AA1-A545-AC476A344D8C}.Debug|Any CPU.Build.0 = Debug|Any CPU
		{C76E49B7-8CC2-4AA1-A545-AC476A344D8C}.Release|Any CPU.ActiveCfg = Release|Any CPU
		{C76E49B7-8CC2-4AA1-A545-AC476A344D8C}.Release|Any CPU.Build.0 = Release|Any CPU
		{F17D88FE-7FF2-4FCC-9E63-73165B70DF5B}.Debug|Any CPU.ActiveCfg = Debug|Any CPU
		{F17D88FE-7FF2-4FCC-9E63-73165B70DF5B}.Debug|Any CPU.Build.0 = Debug|Any CPU
		{F17D88FE-7FF2-4FCC-9E63-73165B70DF5B}.Release|Any CPU.ActiveCfg = Release|Any CPU
		{F17D88FE-7FF2-4FCC-9E63-73165B70DF5B}.Release|Any CPU.Build.0 = Release|Any CPU
	EndGlobalSection
	GlobalSection(SolutionProperties) = preSolution
		HideSolutionNode = FALSE
	EndGlobalSection
	GlobalSection(ExtensibilityGlobals) = postSolution
		SolutionGuid = {737EE71D-5FFA-425F-B3FF-28466AC92EF1}
	EndGlobalSection
EndGlobal
